{
  "name": "rote",
  "version": "0.9.0",
  "lockfileVersion": 1,
  "requires": true,
  "dependencies": {
    "csv-parse": {
      "version": "1.2.1",
      "resolved": "http://registry.npm.taobao.org/csv-parse/download/csv-parse-1.2.1.tgz",
      "integrity": "sha1-kZnCPySQ2YxNmrKgFnsGknSYyd8="
    },
    "opener": {
      "version": "1.4.3",
      "resolved": "http://registry.npm.taobao.org/opener/download/opener-1.4.3.tgz",
      "integrity": "sha1-XG2ixdflgx6P+jlklQ+NZnSskLg="
    }
  }
}
